// !$*UTF8*$!
{
	archiveVersion = 1;
	classes = {
	};
	objectVersion = 46;
	objects = {

/* Begin PBXBuildFile section */
		68EEE6791F1F3D65006D9121 /* main.m in Sources */ = {isa = PBXBuildFile; fileRef = 68EEE6781F1F3D65006D9121 /* main.m */; };
		68EEE67C1F1F3D65006D9121 /* AppDelegate.m in Sources */ = {isa = PBXBuildFile; fileRef = 68EEE67B1F1F3D65006D9121 /* AppDelegate.m */; };
		68EEE67F1F1F3D65006D9121 /* ViewController.m in Sources */ = {isa = PBXBuildFile; fileRef = 68EEE67E1F1F3D65006D9121 /* ViewController.m */; };
		68EEE6821F1F3D65006D9121 /* Main.storyboard in Resources */ = {isa = PBXBuildFile; fileRef = 68EEE6801F1F3D65006D9121 /* Main.storyboard */; };
		68EEE6841F1F3D65006D9121 /* Assets.xcassets in Resources */ = {isa = PBXBuildFile; fileRef = 68EEE6831F1F3D65006D9121 /* Assets.xcassets */; };
		68EEE6871F1F3D65006D9121 /* LaunchScreen.storyboard in Resources */ = {isa = PBXBuildFile; fileRef = 68EEE6851F1F3D65006D9121 /* LaunchScreen.storyboard */; };
		68EEE69B1F1F4355006D9121 /* GCDAsyncSocket.m in Sources */ = {isa = PBXBuildFile; fileRef = 68EEE6981F1F4355006D9121 /* GCDAsyncSocket.m */; };
		68EEE69C1F1F4355006D9121 /* GCDAsyncUdpSocket.m in Sources */ = {isa = PBXBuildFile; fileRef = 68EEE69A1F1F4355006D9121 /* GCDAsyncUdpSocket.m */; };
/* End PBXBuildFile section */

/* Begin PBXFileReference section */
		68EEE6741F1F3D65006D9121 /* ServerScoketDemo.app */ = {isa = PBXFileReference; explicitFileType = wrapper.application; includeInIndex = 0; path = ServerScoketDemo.app; sourceTree = BUILT_PRODUCTS_DIR; };
		68EEE6781F1F3D65006D9121 /* main.m */ = {isa = PBXFileReference; lastKnownFileType = sourcecode.c.objc; path = main.m; sourceTree = "<group>"; };
		68EEE67A1F1F3D65006D9121 /* AppDelegate.h */ = {isa = PBXFileReference; lastKnownFileType = sourcecode.c.h; path = AppDelegate.h; sourceTree = "<group>"; };
		68EEE67B1F1F3D65006D9121 /* AppDelegate.m */ = {isa = PBXFileReference; lastKnownFileType = sourcecode.c.objc; path = AppDelegate.m; sourceTree = "<group>"; };
		68EEE67D1F1F3D65006D9121 /* ViewController.h */ = {isa = PBXFileReference; lastKnownFileType = sourcecode.c.h; path = ViewController.h; sourceTree = "<group>"; };
		68EEE67E1F1F3D65006D9121 /* ViewController.m */ = {isa = PBXFileReference; lastKnownFileType = sourcecode.c.objc; path = ViewController.m; sourceTree = "<group>"; };
		68EEE6811F1F3D65006D9121 /* Base */ = {isa = PBXFileReference; lastKnownFileType = file.storyboard; name = Base; path = Base.lproj/Main.storyboard; sourceTree = "<group>"; };
		68EEE6831F1F3D65006D9121 /* Assets.xcassets */ = {isa = PBXFileReference; lastKnownFileType = folder.assetcatalog; path = Assets.xcassets; sourceTree = "<group>"; };
		68EEE6861F1F3D65006D9121 /* Base */ = {isa = PBXFileReference; lastKnownFileType = file.storyboard; name = Base; path = Base.lproj/LaunchScreen.storyboard; sourceTree = "<group>"; };
		68EEE6881F1F3D65006D9121 /* Info.plist */ = {isa = PBXFileReference; lastKnownFileType = text.plist.xml; path = Info.plist; sourceTree = "<group>"; };
		68EEE6971F1F4355006D9121 /* GCDAsyncSocket.h */ = {isa = PBXFileReference; fileEncoding = 4; lastKnownFileType = sourcecode.c.h; path = GCDAsyncSocket.h; sourceTree = "<group>"; };
		68EEE6981F1F4355006D9121 /* GCDAsyncSocket.m */ = {isa = PBXFileReference; fileEncoding = 4; lastKnownFileType = sourcecode.c.objc; path = GCDAsyncSocket.m; sourceTree = "<group>"; };
		68EEE6991F1F4355006D9121 /* GCDAsyncUdpSocket.h */ = {isa = PBXFileReference; fileEncoding = 4; lastKnownFileType = sourcecode.c.h; path = GCDAsyncUdpSocket.h; sourceTree = "<group>"; };
		68EEE69A1F1F4355006D9121 /* GCDAsyncUdpSocket.m */ = {isa = PBXFileReference; fileEncoding = 4; lastKnownFileType = sourcecode.c.objc; path = GCDAsyncUdpSocket.m; sourceTree = "<group>"; };
/* End PBXFileReference section */

/* Begin PBXFrameworksBuildPhase section */
		68EEE6711F1F3D65006D9121 /* Frameworks */ = {
			isa = PBXFrameworksBuildPhase;
			buildActionMask = 2147483647;
			files = (
			);
			runOnlyForDeploymentPostprocessing = 0;
		};
/* End PBXFrameworksBuildPhase section */

/* Begin PBXGroup section */
		68EEE66B1F1F3D64006D9121 = {
			isa = PBXGroup;
			children = (
				68EEE6761F1F3D65006D9121 /* ServerScoketDemo */,
				68EEE6751F1F3D65006D9121 /* Products */,
			);
			sourceTree = "<group>";
		};
		68EEE6751F1F3D65006D9121 /* Products */ = {
			isa = PBXGroup;
			children = (
				68EEE6741F1F3D65006D9121 /* ServerScoketDemo.app */,
			);
			name = Products;
			sourceTree = "<group>";
		};
		68EEE6761F1F3D65006D9121 /* ServerScoketDemo */ = {
			isa = PBXGroup;
			children = (
				68EEE6901F1F4327006D9121 /* GCDSocket */,
				68EEE67A1F1F3D65006D9121 /* AppDelegate.h */,
				68EEE67B1F1F3D65006D9121 /* AppDelegate.m */,
				68EEE67D1F1F3D65006D9121 /* ViewController.h */,
				68EEE67E1F1F3D65006D9121 /* ViewController.m */,
				68EEE6801F1F3D65006D9121 /* Main.storyboard */,
				68EEE6831F1F3D65006D9121 /* Assets.xcassets */,
				68EEE6851F1F3D65006D9121 /* LaunchScreen.storyboard */,
				68EEE6881F1F3D65006D9121 /* Info.plist */,
				68EEE6771F1F3D65006D9121 /* Supporting Files */,
			);
			path = ServerScoketDemo;
			sourceTree = "<group>";
		};
		68EEE6771F1F3D65006D9121 /* Supporting Files */ = {
			isa = PBXGroup;
			children = (
				68EEE6781F1F3D65006D9121 /* main.m */,
			);
			name = "Supporting Files";
			sourceTree = "<group>";
		};
		68EEE6901F1F4327006D9121 /* GCDSocket */ = {
			isa = PBXGroup;
			children = (
				68EEE6971F1F4355006D9121 /* GCDAsyncSocket.h */,
				68EEE6981F1F4355006D9121 /* GCDAsyncSocket.m */,
				68EEE6991F1F4355006D9121 /* GCDAsyncUdpSocket.h */,
				68EEE69A1F1F4355006D9121 /* GCDAsyncUdpSocket.m */,
			);
			name = GCDSocket;
			sourceTree = "<group>";
		};
/* End PBXGroup section */

/* Begin PBXNativeTarget section */
		68EEE6731F1F3D65006D9121 /* ServerScoketDemo */ = {
			isa = PBXNativeTarget;
			buildConfigurationList = 68EEE68B1F1F3D65006D9121 /* Build configuration list for PBXNativeTarget "ServerScoketDemo" */;
			buildPhases = (
				68EEE6701F1F3D65006D9121 /* Sources */,
				68EEE6711F1F3D65006D9121 /* Frameworks */,
				68EEE6721F1F3D65006D9121 /* Resources */,
			);
			buildRules = (
			);
			dependencies = (
			);
			name = ServerScoketDemo;
			productName = ServerScoketDemo;
			productReference = 68EEE6741F1F3D65006D9121 /* ServerScoketDemo.app */;
			productType = "com.apple.product-type.application";
		};
/* End PBXNativeTarget section */

/* Begin PBXProject section */
		68EEE66C1F1F3D64006D9121 /* Project object */ = {
			isa = PBXProject;
			attributes = {
				LastUpgradeCheck = 0830;
				ORGANIZATIONNAME = "嵇明新";
				TargetAttributes = {
					68EEE6731F1F3D65006D9121 = {
						CreatedOnToolsVersion = 8.3.3;
						DevelopmentTeam = MFPZRH5653;
						ProvisioningStyle = Automatic;
					};
				};
			};
			buildConfigurationList = 68EEE66F1F1F3D64006D9121 /* Build configuration list for PBXProject "ServerScoketDemo" */;
			compatibilityVersion = "Xcode 3.2";
			developmentRegion = English;
			hasScannedForEncodings = 0;
			knownRegions = (
				en,
				Base,
			);
			mainGroup = 68EEE66B1F1F3D64006D9121;
			productRefGroup = 68EEE6751F1F3D65006D9121 /* Products */;
			projectDirPath = "";
			projectRoot = "";
			targets = (
				68EEE6731F1F3D65006D9121 /* ServerScoketDemo */,
			);
		};
/* End PBXProject section */

/* Begin PBXResourcesBuildPhase section */
		68EEE6721F1F3D65006D9121 /* Resources */ = {
			isa = PBXResourcesBuildPhase;
			buildActionMask = 2147483647;
			files = (
				68EEE6871F1F3D65006D9121 /* LaunchScreen.storyboard in Resources */,
				68EEE6841F1F3D65006D9121 /* Assets.xcassets in Resources */,
				68EEE6821F1F3D65006D9121 /* Main.storyboard in Resources */,
			);
			runOnlyForDeploymentPostprocessing = 0;
		};
/* End PBXResourcesBuildPhase section */

/* Begin PBXSourcesBuildPhase section */
		68EEE6701F1F3D65006D9121 /* Sources */ = {
			isa = PBXSourcesBuildPhase;
			buildActionMask = 2147483647;
			files = (
				68EEE69B1F1F4355006D9121 /* GCDAsyncSocket.m in Sources */,
				68EEE69C1F1F4355006D9121 /* GCDAsyncUdpSocket.m in Sources */,
				68EEE67F1F1F3D65006D9121 /* ViewController.m in Sources */,
				68EEE67C1F1F3D65006D9121 /* AppDelegate.m in Sources */,
				68EEE6791F1F3D65006D9121 /* main.m in Sources */,
			);
			runOnlyForDeploymentPostprocessing = 0;
		};
/* End PBXSourcesBuildPhase section */

/* Begin PBXVariantGroup section */
		68EEE6801F1F3D65006D9121 /* Main.storyboard */ = {
			isa = PBXVariantGroup;
			children = (
				68EEE6811F1F3D65006D9121 /* Base */,
			);
			name = Main.storyboard;
			sourceTree = "<group>";
		};
		68EEE6851F1F3D65006D9121 /* LaunchScreen.storyboard */ = {
			isa = PBXVariantGroup;
			children = (
				68EEE6861F1F3D65006D9121 /* Base */,
			);
			name = LaunchScreen.storyboard;
			sourceTree = "<group>";
		};
/* End PBXVariantGroup section */

/* Begin XCBuildConfiguration section */
		68EEE6891F1F3D65006D9121 /* Debug */ = {
			isa = XCBuildConfiguration;
			buildSettings = {
				ALWAYS_SEARCH_USER_PATHS = NO;
				CLANG_ANALYZER_NONNULL = YES;
				CLANG_ANALYZER_NUMBER_OBJECT_CONVERSION = YES_AGGRESSIVE;
				CLANG_CXX_LANGUAGE_STANDARD = "gnu++0x";
				CLANG_CXX_LIBRARY = "libc++";
				CLANG_ENABLE_MODULES = YES;
				CLANG_ENABLE_OBJC_ARC = YES;
				CLANG_WARN_BOOL_CONVERSION = YES;
				CLANG_WARN_CONSTANT_CONVERSION = YES;
				CLANG_WARN_DIRECT_OBJC_ISA_USAGE = YES_ERROR;
				CLANG_WARN_DOCUMENTATION_COMMENTS = YES;
				CLANG_WARN_EMPTY_BODY = YES;
				CLANG_WARN_ENUM_CONVERSION = YES;
				CLANG_WARN_INFINITE_RECURSION = YES;
				CLANG_WARN_INT_CONVERSION = YES;
				CLANG_WARN_OBJC_ROOT_CLASS = YES_ERROR;
				CLANG_WARN_SUSPICIOUS_MOVE = YES;
				CLANG_WARN_UNREACHABLE_CODE = YES;
				CLANG_WARN__DUPLICATE_METHOD_MATCH = YES;
				"CODE_SIGN_IDENTITY[sdk=iphoneos*]" = "iPhone Developer";
				COPY_PHASE_STRIP = NO;
				DEBUG_INFORMATION_FORMAT = dwarf;
				ENABLE_STRICT_OBJC_MSGSEND = YES;
				ENABLE_TESTABILITY = YES;
				GCC_C_LANGUAGE_STANDARD = gnu99;
				GCC_DYNAMIC_NO_PIC = NO;
				GCC_NO_COMMON_BLOCKS = YES;
				GCC_OPTIMIZATION_LEVEL = 0;
				GCC_PREPROCESSOR_DEFINITIONS = (
					"DEBUG=1",
					"$(inherited)",
				);
				GCC_WARN_64_TO_32_BIT_CONVERSION = YES;
				GCC_WARN_ABOUT_RETURN_TYPE = YES_ERROR;
				GCC_WARN_UNDECLARED_SELECTOR = YES;
				GCC_WARN_UNINITIALIZED_AUTOS = YES_AGGRESSIVE;
				GCC_WARN_UNUSED_FUNCTION = YES;
				GCC_WARN_UNUSED_VARIABLE = YES;
				IPHONEOS_DEPLOYMENT_TARGET = 10.3;
				MTL_ENABLE_DEBUG_INFO = YES;
				ONLY_ACTIVE_ARCH = YES;
				SDKROOT = iphoneos;
				TARGETED_DEVICE_FAMILY = "1,2";
			};
			name = Debug;
		};
		68EEE68A1F1F3D65006D9121 /* Release */ = {
			isa = XCBuildConfiguration;
			buildSettings = {
				ALWAYS_SEARCH_USER_PATHS = NO;
				CLANG_ANALYZER_NONNULL = YES;
				CLANG_ANALYZER_NUMBER_OBJECT_CONVERSION = YES_AGGRESSIVE;
				CLANG_CXX_LANGUAGE_STANDARD = "gnu++0x";
				CLANG_CXX_LIBRARY = "libc++";
				CLANG_ENABLE_MODULES = YES;
				CLANG_ENABLE_OBJC_ARC = YES;
				CLANG_WARN_BOOL_CONVERSION = YES;
				CLANG_WARN_CONSTANT_CONVERSION = YES;
				CLANG_WARN_DIRECT_OBJC_ISA_USAGE = YES_ERROR;
				CLANG_WARN_DOCUMENTATION_COMMENTS = YES;
				CLANG_WARN_EMPTY_BODY = YES;
				CLANG_WARN_ENUM_CONVERSION = YES;
				CLANG_WARN_INFINITE_RECURSION = YES;
				CLANG_WARN_INT_CONVERSION = YES;
				CLANG_WARN_OBJC_ROOT_CLASS = YES_ERROR;
				CLANG_WARN_SUSPICIOUS_MOVE = YES;
				CLANG_WARN_UNREACHABLE_CODE = YES;
				CLANG_WARN__DUPLICATE_METHOD_MATCH = YES;
				"CODE_SIGN_IDENTITY[sdk=iphoneos*]" = "iPhone Developer";
				COPY_PHASE_STRIP = NO;
				DEBUG_INFORMATION_FORMAT = "dwarf-with-dsym";
				ENABLE_NS_ASSERTIONS = NO;
				ENABLE_STRICT_OBJC_MSGSEND = YES;
				GCC_C_LANGUAGE_STANDARD = gnu99;
				GCC_NO_COMMON_BLOCKS = YES;
				GCC_WARN_64_TO_32_BIT_CONVERSION = YES;
				GCC_WARN_ABOUT_RETURN_TYPE = YES_ERROR;
				GCC_WARN_UNDECLARED_SELECTOR = YES;
				GCC_WARN_UNINITIALIZED_AUTOS = YES_AGGRESSIVE;
				GCC_WARN_UNUSED_FUNCTION = YES;
				GCC_WARN_UNUSED_VARIABLE = YES;
				IPHONEOS_DEPLOYMENT_TARGET = 10.3;
				MTL_ENABLE_DEBUG_INFO = NO;
				SDKROOT = iphoneos;
				TARGETED_DEVICE_FAMILY = "1,2";
				VALIDATE_PRODUCT = YES;
			};
			name = Release;
		};
		68EEE68C1F1F3D65006D9121 /* Debug */ = {
			isa = XCBuildConfiguration;
			buildSettings = {
				ASSETCATALOG_COMPILER_APPICON_NAME = AppIcon;
				DEVELOPMENT_TEAM = MFPZRH5653;
				INFOPLIST_FILE = ServerScoketDemo/Info.plist;
				LD_RUNPATH_SEARCH_PATHS = "$(inherited) @executable_path/Frameworks";
				PRODUCT_BUNDLE_IDENTIFIER = com.jmx.ServerScoketDemo;
				PRODUCT_NAME = "$(TARGET_NAME)";
			};
			name = Debug;
		};
		68EEE68D1F1F3D65006D9121 /* Release */ = {
			isa = XCBuildConfiguration;
			buildSettings = {
				ASSETCATALOG_COMPILER_APPICON_NAME = AppIcon;
				DEVELOPMENT_TEAM = MFPZRH5653;
				INFOPLIST_FILE = ServerScoketDemo/Info.plist;
				LD_RUNPATH_SEARCH_PATHS = "$(inherited) @executable_path/Frameworks";
				PRODUCT_BUNDLE_IDENTIFIER = com.jmx.ServerScoketDemo;
				PRODUCT_NAME = "$(TARGET_NAME)";
			};
			name = Release;
		};
/* End XCBuildConfiguration section */

/* Begin XCConfigurationList section */
		68EEE66F1F1F3D64006D9121 /* Build configuration list for PBXProject "ServerScoketDemo" */ = {
			isa = XCConfigurationList;
			buildConfigurations = (
				68EEE6891F1F3D65006D9121 /* Debug */,
				68EEE68A1F1F3D65006D9121 /* Release */,
			);
			defaultConfigurationIsVisible = 0;
			defaultConfigurationName = Release;
		};
		68EEE68B1F1F3D65006D9121 /* Build configuration list for PBXNativeTarget "ServerScoketDemo" */ = {
			isa = XCConfigurationList;
			buildConfigurations = (
				68EEE68C1F1F3D65006D9121 /* Debug */,
				68EEE68D1F1F3D65006D9121 /* Release */,
			);
			defaultConfigurationIsVisible = 0;
		};
/* End XCConfigurationList section */
	};
	rootObject = 68EEE66C1F1F3D64006D9121 /* Project object */;
}
